
Microsoft Visual Studio Solution File, Format Version 12.00
# Visual Studio Version 17
VisualStudioVersion = 17.8.34330.188
MinimumVisualStudioVersion = 10.0.40219.1
Project("{9A19103F-16F7-4668-BE54-9A1E7A4F7556}") = "api", "api\api.csproj", "{45F6A028-3B69-4600-9199-EB0304FE3DCF}"
EndProject
Project("{FAE04EC0-301F-11D3-BF4B-00C04F79EFBC}") = "api.Tests", "api.Tests\api.Tests.csproj", "{49D7C1A1-9C85-4CBD-9A73-73914D02E6BA}"
EndProject
Global
	GlobalSection(SolutionConfigurationPlatforms) = preSolution
		Debug|Any CPU = Debug|Any CPU
		Release|Any CPU = Release|Any CPU
	EndGlobalSection
	GlobalSection(ProjectConfigurationPlatforms) = postSolution
		{45F6A028-3B69-4600-9199-EB0304FE3DCF}.Debug|Any CPU.ActiveCfg = Debug|Any CPU
		{45F6A028-3B69-4600-9199-EB0304FE3DCF}.Debug|Any CPU.Build.0 = Debug|Any CPU
		{45F6A028-3B69-4600-9199-EB0304FE3DCF}.Release|Any CPU.ActiveCfg = Release|Any CPU
		{45F6A028-3B69-4600-9199-EB0304FE3DCF}.Release|Any CPU.Build.0 = Release|Any CPU
		{49D7C1A1-9C85-4CBD-9A73-73914D02E6BA}.Debug|Any CPU.ActiveCfg = Debug|Any CPU
		{49D7C1A1-9C85-4CBD-9A73-73914D02E6BA}.Debug|Any CPU.Build.0 = Debug|Any CPU
		{49D7C1A1-9C85-4CBD-9A73-73914D02E6BA}.Release|Any CPU.ActiveCfg = Release|Any CPU
		{49D7C1A1-9C85-4CBD-9A73-73914D02E6BA}.Release|Any CPU.Build.0 = Release|Any CPU
	EndGlobalSection
	GlobalSection(SolutionProperties) = preSolution
		HideSolutionNode = FALSE
	EndGlobalSection
	GlobalSection(ExtensibilityGlobals) = postSolution
		SolutionGuid = {4BE19887-6F11-458B-830D-0FAB2088F53C}
	EndGlobalSection
EndGlobal
